
Microsoft Visual Studio Solution File, Format Version 12.00
# Visual Studio Version 17
VisualStudioVersion = 17.1.32210.238
MinimumVisualStudioVersion = 10.0.40219.1
Project("{9A19103F-16F7-4668-BE54-9A1E7A4F7556}") = "28StoneTask", "28StoneTask\28StoneTask.csproj", "{EB5F79AE-1136-44A6-ADCF-054B2B0959C2}"
EndProject
Project("{FAE04EC0-301F-11D3-BF4B-00C04F79EFBC}") = "28StoneTaskTests", "28StoneTaskTests\28StoneTaskTests.csproj", "{87E35F01-5C9E-4437-AC09-BE8FF0044CD4}"
EndProject
Global
	GlobalSection(SolutionConfigurationPlatforms) = preSolution
		Debug|Any CPU = Debug|Any CPU
		Release|Any CPU = Release|Any CPU
	EndGlobalSection
	GlobalSection(ProjectConfigurationPlatforms) = postSolution
		{EB5F79AE-1136-44A6-ADCF-054B2B0959C2}.Debug|Any CPU.ActiveCfg = Debug|Any CPU
		{EB5F79AE-1136-44A6-ADCF-054B2B0959C2}.Debug|Any CPU.Build.0 = Debug|Any CPU
		{EB5F79AE-1136-44A6-ADCF-054B2B0959C2}.Release|Any CPU.ActiveCfg = Release|Any CPU
		{EB5F79AE-1136-44A6-ADCF-054B2B0959C2}.Release|Any CPU.Build.0 = Release|Any CPU
		{87E35F01-5C9E-4437-AC09-BE8FF0044CD4}.Debug|Any CPU.ActiveCfg = Debug|Any CPU
		{87E35F01-5C9E-4437-AC09-BE8FF0044CD4}.Debug|Any CPU.Build.0 = Debug|Any CPU
		{87E35F01-5C9E-4437-AC09-BE8FF0044CD4}.Release|Any CPU.ActiveCfg = Release|Any CPU
		{87E35F01-5C9E-4437-AC09-BE8FF0044CD4}.Release|Any CPU.Build.0 = Release|Any CPU
	EndGlobalSection
	GlobalSection(SolutionProperties) = preSolution
		HideSolutionNode = FALSE
	EndGlobalSection
	GlobalSection(ExtensibilityGlobals) = postSolution
		SolutionGuid = {0F7700A2-7466-4290-A5B4-672D874BAC58}
	EndGlobalSection
EndGlobal
